
Microsoft Visual Studio Solution File, Format Version 12.00
# Visual Studio Version 17
VisualStudioVersion = 17.4.33205.214
MinimumVisualStudioVersion = 10.0.40219.1
Project("{FAE04EC0-301F-11D3-BF4B-00C04F79EFBC}") = "LazySort", "LazySort\LazySort.csproj", "{665CBE41-FBB9-45BD-9F61-B91A322AC909}"
EndProject
Project("{FAE04EC0-301F-11D3-BF4B-00C04F79EFBC}") = "ListUtil", "ListUtil\ListUtil.csproj", "{91124C4F-6D75-4ACF-B32E-3E687CF09C85}"
EndProject
Global
	GlobalSection(SolutionConfigurationPlatforms) = preSolution
		Debug|Any CPU = Debug|Any CPU
		Release|Any CPU = Release|Any CPU
	EndGlobalSection
	GlobalSection(ProjectConfigurationPlatforms) = postSolution
		{665CBE41-FBB9-45BD-9F61-B91A322AC909}.Debug|Any CPU.ActiveCfg = Debug|Any CPU
		{665CBE41-FBB9-45BD-9F61-B91A322AC909}.Debug|Any CPU.Build.0 = Debug|Any CPU
		{665CBE41-FBB9-45BD-9F61-B91A322AC909}.Release|Any CPU.ActiveCfg = Release|Any CPU
		{665CBE41-FBB9-45BD-9F61-B91A322AC909}.Release|Any CPU.Build.0 = Release|Any CPU
		{91124C4F-6D75-4ACF-B32E-3E687CF09C85}.Debug|Any CPU.ActiveCfg = Debug|Any CPU
		{91124C4F-6D75-4ACF-B32E-3E687CF09C85}.Debug|Any CPU.Build.0 = Debug|Any CPU
		{91124C4F-6D75-4ACF-B32E-3E687CF09C85}.Release|Any CPU.ActiveCfg = Release|Any CPU
		{91124C4F-6D75-4ACF-B32E-3E687CF09C85}.Release|Any CPU.Build.0 = Release|Any CPU
	EndGlobalSection
	GlobalSection(SolutionProperties) = preSolution
		HideSolutionNode = FALSE
	EndGlobalSection
	GlobalSection(ExtensibilityGlobals) = postSolution
		SolutionGuid = {4B8DF4ED-2E62-41B0-924A-4D4475610B93}
	EndGlobalSection
EndGlobal
